
Microsoft Visual Studio Solution File, Format Version 12.00
# Visual Studio Version 17
VisualStudioVersion = 17.3.32929.385
MinimumVisualStudioVersion = 10.0.40219.1
Project("{FAE04EC0-301F-11D3-BF4B-00C04F79EFBC}") = "RestWithASPNETUdemy", "RestWithASPNETUdemy\RestWithASPNETUdemy.csproj", "{0ED4AFB2-76F7-4170-BAEB-85645012BC08}"
EndProject
Global
	GlobalSection(SolutionConfigurationPlatforms) = preSolution
		Debug|Any CPU = Debug|Any CPU
		Release|Any CPU = Release|Any CPU
	EndGlobalSection
	GlobalSection(ProjectConfigurationPlatforms) = postSolution
		{0ED4AFB2-76F7-4170-BAEB-85645012BC08}.Debug|Any CPU.ActiveCfg = Debug|Any CPU
		{0ED4AFB2-76F7-4170-BAEB-85645012BC08}.Debug|Any CPU.Build.0 = Debug|Any CPU
		{0ED4AFB2-76F7-4170-BAEB-85645012BC08}.Release|Any CPU.ActiveCfg = Release|Any CPU
		{0ED4AFB2-76F7-4170-BAEB-85645012BC08}.Release|Any CPU.Build.0 = Release|Any CPU
	EndGlobalSection
	GlobalSection(SolutionProperties) = preSolution
		HideSolutionNode = FALSE
	EndGlobalSection
	GlobalSection(ExtensibilityGlobals) = postSolution
		SolutionGuid = {0FC9A2C5-B67C-44ED-B6A3-13BBFC85547F}
	EndGlobalSection
EndGlobal
